
Microsoft Visual Studio Solution File, Format Version 12.00
# Visual Studio 15
Project("{FAE04EC0-301F-11D3-BF4B-00C04F79EFBC}") = "Mirror.Examples", "Mirror.Examples.csproj", "{353C2722-9069-B22A-FE8D-1D31D9AEDC7C}"
EndProject
Project("{FAE04EC0-301F-11D3-BF4B-00C04F79EFBC}") = "Mirror", "Mirror.csproj", "{421410E9-2468-5321-ADF8-A8EE702A52A9}"
EndProject
Project("{FAE04EC0-301F-11D3-BF4B-00C04F79EFBC}") = "Mirror.Transports", "Mirror.Transports.csproj", "{037C9BA0-21D4-C8C6-DD58-F216457550F4}"
EndProject
Project("{FAE04EC0-301F-11D3-BF4B-00C04F79EFBC}") = "Unity.Mirror.CodeGen", "Unity.Mirror.CodeGen.csproj", "{156BFD61-22E3-DF57-F57B-452DC52B0EE3}"
EndProject
Project("{FAE04EC0-301F-11D3-BF4B-00C04F79EFBC}") = "Assembly-CSharp", "Assembly-CSharp.csproj", "{3A9AC33C-6773-EABB-86ED-85AB94029492}"
EndProject
Project("{FAE04EC0-301F-11D3-BF4B-00C04F79EFBC}") = "Mirror.Components", "Mirror.Components.csproj", "{37483369-8C81-0B33-D816-04D5A7D2B2DA}"
EndProject
Project("{FAE04EC0-301F-11D3-BF4B-00C04F79EFBC}") = "Mirror.Editor", "Mirror.Editor.csproj", "{48402119-9A3E-94D5-512C-56E673943F1F}"
EndProject
Project("{FAE04EC0-301F-11D3-BF4B-00C04F79EFBC}") = "Telepathy", "Telepathy.csproj", "{1D359BA1-EBA9-D222-8042-9526B9562DFF}"
EndProject
Project("{FAE04EC0-301F-11D3-BF4B-00C04F79EFBC}") = "SimpleWebTransport", "SimpleWebTransport.csproj", "{0A6C16B3-B29C-3205-EF4A-8C6DA8358726}"
EndProject
Project("{FAE04EC0-301F-11D3-BF4B-00C04F79EFBC}") = "ParrelSync", "ParrelSync.csproj", "{28971BF1-5FBC-B4C2-9F57-011A3F0AAF81}"
EndProject
Project("{FAE04EC0-301F-11D3-BF4B-00C04F79EFBC}") = "kcp2k", "kcp2k.csproj", "{BD5692AD-7746-C728-D205-C2788C8DA7B2}"
EndProject
Project("{FAE04EC0-301F-11D3-BF4B-00C04F79EFBC}") = "Mirror.Authenticators", "Mirror.Authenticators.csproj", "{ADD671C5-661B-199A-1E3F-ED75B34E7C20}"
EndProject
Project("{FAE04EC0-301F-11D3-BF4B-00C04F79EFBC}") = "EncryptionTransportEditor", "EncryptionTransportEditor.csproj", "{B04EBB98-4E9D-7183-B660-B851F1F20E29}"
EndProject
Project("{FAE04EC0-301F-11D3-BF4B-00C04F79EFBC}") = "Mirror.CompilerSymbols", "Mirror.CompilerSymbols.csproj", "{CF94DFEB-98FE-5FA6-B725-3B8FE321EA68}"
EndProject
Global
	GlobalSection(SolutionConfigurationPlatforms) = preSolution
		Debug|Any CPU = Debug|Any CPU
		Release|Any CPU = Release|Any CPU
	EndGlobalSection
	GlobalSection(ProjectConfigurationPlatforms) = postSolution
		{353C2722-9069-B22A-FE8D-1D31D9AEDC7C}.Debug|Any CPU.ActiveCfg = Debug|Any CPU
		{353C2722-9069-B22A-FE8D-1D31D9AEDC7C}.Debug|Any CPU.Build.0 = Debug|Any CPU
		{353C2722-9069-B22A-FE8D-1D31D9AEDC7C}.Release|Any CPU.ActiveCfg = Release|Any CPU
		{353C2722-9069-B22A-FE8D-1D31D9AEDC7C}.Release|Any CPU.Build.0 = Release|Any CPU
		{421410E9-2468-5321-ADF8-A8EE702A52A9}.Debug|Any CPU.ActiveCfg = Debug|Any CPU
		{421410E9-2468-5321-ADF8-A8EE702A52A9}.Debug|Any CPU.Build.0 = Debug|Any CPU
		{421410E9-2468-5321-ADF8-A8EE702A52A9}.Release|Any CPU.ActiveCfg = Release|Any CPU
		{421410E9-2468-5321-ADF8-A8EE702A52A9}.Release|Any CPU.Build.0 = Release|Any CPU
		{037C9BA0-21D4-C8C6-DD58-F216457550F4}.Debug|Any CPU.ActiveCfg = Debug|Any CPU
		{037C9BA0-21D4-C8C6-DD58-F216457550F4}.Debug|Any CPU.Build.0 = Debug|Any CPU
		{037C9BA0-21D4-C8C6-DD58-F216457550F4}.Release|Any CPU.ActiveCfg = Release|Any CPU
		{037C9BA0-21D4-C8C6-DD58-F216457550F4}.Release|Any CPU.Build.0 = Release|Any CPU
		{156BFD61-22E3-DF57-F57B-452DC52B0EE3}.Debug|Any CPU.ActiveCfg = Debug|Any CPU
		{156BFD61-22E3-DF57-F57B-452DC52B0EE3}.Debug|Any CPU.Build.0 = Debug|Any CPU
		{156BFD61-22E3-DF57-F57B-452DC52B0EE3}.Release|Any CPU.ActiveCfg = Release|Any CPU
		{156BFD61-22E3-DF57-F57B-452DC52B0EE3}.Release|Any CPU.Build.0 = Release|Any CPU
		{3A9AC33C-6773-EABB-86ED-85AB94029492}.Debug|Any CPU.ActiveCfg = Debug|Any CPU
		{3A9AC33C-6773-EABB-86ED-85AB94029492}.Debug|Any CPU.Build.0 = Debug|Any CPU
		{3A9AC33C-6773-EABB-86ED-85AB94029492}.Release|Any CPU.ActiveCfg = Release|Any CPU
		{3A9AC33C-6773-EABB-86ED-85AB94029492}.Release|Any CPU.Build.0 = Release|Any CPU
		{37483369-8C81-0B33-D816-04D5A7D2B2DA}.Debug|Any CPU.ActiveCfg = Debug|Any CPU
		{37483369-8C81-0B33-D816-04D5A7D2B2DA}.Debug|Any CPU.Build.0 = Debug|Any CPU
		{37483369-8C81-0B33-D816-04D5A7D2B2DA}.Release|Any CPU.ActiveCfg = Release|Any CPU
		{37483369-8C81-0B33-D816-04D5A7D2B2DA}.Release|Any CPU.Build.0 = Release|Any CPU
		{48402119-9A3E-94D5-512C-56E673943F1F}.Debug|Any CPU.ActiveCfg = Debug|Any CPU
		{48402119-9A3E-94D5-512C-56E673943F1F}.Debug|Any CPU.Build.0 = Debug|Any CPU
		{48402119-9A3E-94D5-512C-56E673943F1F}.Release|Any CPU.ActiveCfg = Release|Any CPU
		{48402119-9A3E-94D5-512C-56E673943F1F}.Release|Any CPU.Build.0 = Release|Any CPU
		{1D359BA1-EBA9-D222-8042-9526B9562DFF}.Debug|Any CPU.ActiveCfg = Debug|Any CPU
		{1D359BA1-EBA9-D222-8042-9526B9562DFF}.Debug|Any CPU.Build.0 = Debug|Any CPU
		{1D359BA1-EBA9-D222-8042-9526B9562DFF}.Release|Any CPU.ActiveCfg = Release|Any CPU
		{1D359BA1-EBA9-D222-8042-9526B9562DFF}.Release|Any CPU.Build.0 = Release|Any CPU
		{0A6C16B3-B29C-3205-EF4A-8C6DA8358726}.Debug|Any CPU.ActiveCfg = Debug|Any CPU
		{0A6C16B3-B29C-3205-EF4A-8C6DA8358726}.Debug|Any CPU.Build.0 = Debug|Any CPU
		{0A6C16B3-B29C-3205-EF4A-8C6DA8358726}.Release|Any CPU.ActiveCfg = Release|Any CPU
		{0A6C16B3-B29C-3205-EF4A-8C6DA8358726}.Release|Any CPU.Build.0 = Release|Any CPU
		{28971BF1-5FBC-B4C2-9F57-011A3F0AAF81}.Debug|Any CPU.ActiveCfg = Debug|Any CPU
		{28971BF1-5FBC-B4C2-9F57-011A3F0AAF81}.Debug|Any CPU.Build.0 = Debug|Any CPU
		{28971BF1-5FBC-B4C2-9F57-011A3F0AAF81}.Release|Any CPU.ActiveCfg = Release|Any CPU
		{28971BF1-5FBC-B4C2-9F57-011A3F0AAF81}.Release|Any CPU.Build.0 = Release|Any CPU
		{BD5692AD-7746-C728-D205-C2788C8DA7B2}.Debug|Any CPU.ActiveCfg = Debug|Any CPU
		{BD5692AD-7746-C728-D205-C2788C8DA7B2}.Debug|Any CPU.Build.0 = Debug|Any CPU
		{BD5692AD-7746-C728-D205-C2788C8DA7B2}.Release|Any CPU.ActiveCfg = Release|Any CPU
		{BD5692AD-7746-C728-D205-C2788C8DA7B2}.Release|Any CPU.Build.0 = Release|Any CPU
		{ADD671C5-661B-199A-1E3F-ED75B34E7C20}.Debug|Any CPU.ActiveCfg = Debug|Any CPU
		{ADD671C5-661B-199A-1E3F-ED75B34E7C20}.Debug|Any CPU.Build.0 = Debug|Any CPU
		{ADD671C5-661B-199A-1E3F-ED75B34E7C20}.Release|Any CPU.ActiveCfg = Release|Any CPU
		{ADD671C5-661B-199A-1E3F-ED75B34E7C20}.Release|Any CPU.Build.0 = Release|Any CPU
		{B04EBB98-4E9D-7183-B660-B851F1F20E29}.Debug|Any CPU.ActiveCfg = Debug|Any CPU
		{B04EBB98-4E9D-7183-B660-B851F1F20E29}.Debug|Any CPU.Build.0 = Debug|Any CPU
		{B04EBB98-4E9D-7183-B660-B851F1F20E29}.Release|Any CPU.ActiveCfg = Release|Any CPU
		{B04EBB98-4E9D-7183-B660-B851F1F20E29}.Release|Any CPU.Build.0 = Release|Any CPU
		{CF94DFEB-98FE-5FA6-B725-3B8FE321EA68}.Debug|Any CPU.ActiveCfg = Debug|Any CPU
		{CF94DFEB-98FE-5FA6-B725-3B8FE321EA68}.Debug|Any CPU.Build.0 = Debug|Any CPU
		{CF94DFEB-98FE-5FA6-B725-3B8FE321EA68}.Release|Any CPU.ActiveCfg = Release|Any CPU
		{CF94DFEB-98FE-5FA6-B725-3B8FE321EA68}.Release|Any CPU.Build.0 = Release|Any CPU
	EndGlobalSection
	GlobalSection(SolutionProperties) = preSolution
		HideSolutionNode = FALSE
	EndGlobalSection
EndGlobal
