
Microsoft Visual Studio Solution File, Format Version 12.00
# Visual Studio 15
Project("{FAE04EC0-301F-11D3-BF4B-00C04F79EFBC}") = "Mirror.Examples", "Mirror.Examples.csproj", "{E7265BB7-5866-0BFA-7F2A-BA611653BBDF}"
EndProject
Project("{FAE04EC0-301F-11D3-BF4B-00C04F79EFBC}") = "Mirror", "Mirror.csproj", "{80677A25-2506-FA2A-E10A-985CBA486FCE}"
EndProject
Project("{FAE04EC0-301F-11D3-BF4B-00C04F79EFBC}") = "Mirror.Transports", "Mirror.Transports.csproj", "{13E3749F-7715-B3F6-A6C4-F48E9803B228}"
EndProject
Project("{FAE04EC0-301F-11D3-BF4B-00C04F79EFBC}") = "Unity.Mirror.CodeGen", "Unity.Mirror.CodeGen.csproj", "{A1DA5887-720F-C035-D609-59D416F9808A}"
EndProject
Project("{FAE04EC0-301F-11D3-BF4B-00C04F79EFBC}") = "Assembly-CSharp", "Assembly-CSharp.csproj", "{F0F1D902-6398-4F0D-51C5-F5E4D2A5B95E}"
EndProject
Project("{FAE04EC0-301F-11D3-BF4B-00C04F79EFBC}") = "Mirror.Components", "Mirror.Components.csproj", "{C86CF332-7B0B-8F2F-869C-8B3232788394}"
EndProject
Project("{FAE04EC0-301F-11D3-BF4B-00C04F79EFBC}") = "Mirror.Editor", "Mirror.Editor.csproj", "{6ACD239A-E775-9B3F-C2A3-76C1404D8EE9}"
EndProject
Project("{FAE04EC0-301F-11D3-BF4B-00C04F79EFBC}") = "Telepathy", "Telepathy.csproj", "{3C2E4E9D-98B4-1F5D-0BF0-904385235B8E}"
EndProject
Project("{FAE04EC0-301F-11D3-BF4B-00C04F79EFBC}") = "SimpleWebTransport", "SimpleWebTransport.csproj", "{D8C7F92A-799F-EDF1-05BE-7468360D6310}"
EndProject
Project("{FAE04EC0-301F-11D3-BF4B-00C04F79EFBC}") = "ParrelSync", "ParrelSync.csproj", "{E79B4FCD-B443-A940-5ED6-FA781AFEA69F}"
EndProject
Project("{FAE04EC0-301F-11D3-BF4B-00C04F79EFBC}") = "kcp2k", "kcp2k.csproj", "{68EB0854-1847-EE9E-7411-BB3747081EED}"
EndProject
Project("{FAE04EC0-301F-11D3-BF4B-00C04F79EFBC}") = "Mirror.Authenticators", "Mirror.Authenticators.csproj", "{90885EFA-340F-FB04-A15A-7AD0389C918D}"
EndProject
Project("{FAE04EC0-301F-11D3-BF4B-00C04F79EFBC}") = "EncryptionTransportEditor", "EncryptionTransportEditor.csproj", "{5C40ACFD-B2D5-7A08-0A9A-3C9FA912C28E}"
EndProject
Project("{FAE04EC0-301F-11D3-BF4B-00C04F79EFBC}") = "Mirror.CompilerSymbols", "Mirror.CompilerSymbols.csproj", "{4D4B2DC2-E1C1-25FD-CA4F-564B0E4B5F91}"
EndProject
Global
	GlobalSection(SolutionConfigurationPlatforms) = preSolution
		Debug|Any CPU = Debug|Any CPU
		Release|Any CPU = Release|Any CPU
	EndGlobalSection
	GlobalSection(ProjectConfigurationPlatforms) = postSolution
		{E7265BB7-5866-0BFA-7F2A-BA611653BBDF}.Debug|Any CPU.ActiveCfg = Debug|Any CPU
		{E7265BB7-5866-0BFA-7F2A-BA611653BBDF}.Debug|Any CPU.Build.0 = Debug|Any CPU
		{E7265BB7-5866-0BFA-7F2A-BA611653BBDF}.Release|Any CPU.ActiveCfg = Release|Any CPU
		{E7265BB7-5866-0BFA-7F2A-BA611653BBDF}.Release|Any CPU.Build.0 = Release|Any CPU
		{80677A25-2506-FA2A-E10A-985CBA486FCE}.Debug|Any CPU.ActiveCfg = Debug|Any CPU
		{80677A25-2506-FA2A-E10A-985CBA486FCE}.Debug|Any CPU.Build.0 = Debug|Any CPU
		{80677A25-2506-FA2A-E10A-985CBA486FCE}.Release|Any CPU.ActiveCfg = Release|Any CPU
		{80677A25-2506-FA2A-E10A-985CBA486FCE}.Release|Any CPU.Build.0 = Release|Any CPU
		{13E3749F-7715-B3F6-A6C4-F48E9803B228}.Debug|Any CPU.ActiveCfg = Debug|Any CPU
		{13E3749F-7715-B3F6-A6C4-F48E9803B228}.Debug|Any CPU.Build.0 = Debug|Any CPU
		{13E3749F-7715-B3F6-A6C4-F48E9803B228}.Release|Any CPU.ActiveCfg = Release|Any CPU
		{13E3749F-7715-B3F6-A6C4-F48E9803B228}.Release|Any CPU.Build.0 = Release|Any CPU
		{A1DA5887-720F-C035-D609-59D416F9808A}.Debug|Any CPU.ActiveCfg = Debug|Any CPU
		{A1DA5887-720F-C035-D609-59D416F9808A}.Debug|Any CPU.Build.0 = Debug|Any CPU
		{A1DA5887-720F-C035-D609-59D416F9808A}.Release|Any CPU.ActiveCfg = Release|Any CPU
		{A1DA5887-720F-C035-D609-59D416F9808A}.Release|Any CPU.Build.0 = Release|Any CPU
		{F0F1D902-6398-4F0D-51C5-F5E4D2A5B95E}.Debug|Any CPU.ActiveCfg = Debug|Any CPU
		{F0F1D902-6398-4F0D-51C5-F5E4D2A5B95E}.Debug|Any CPU.Build.0 = Debug|Any CPU
		{F0F1D902-6398-4F0D-51C5-F5E4D2A5B95E}.Release|Any CPU.ActiveCfg = Release|Any CPU
		{F0F1D902-6398-4F0D-51C5-F5E4D2A5B95E}.Release|Any CPU.Build.0 = Release|Any CPU
		{C86CF332-7B0B-8F2F-869C-8B3232788394}.Debug|Any CPU.ActiveCfg = Debug|Any CPU
		{C86CF332-7B0B-8F2F-869C-8B3232788394}.Debug|Any CPU.Build.0 = Debug|Any CPU
		{C86CF332-7B0B-8F2F-869C-8B3232788394}.Release|Any CPU.ActiveCfg = Release|Any CPU
		{C86CF332-7B0B-8F2F-869C-8B3232788394}.Release|Any CPU.Build.0 = Release|Any CPU
		{6ACD239A-E775-9B3F-C2A3-76C1404D8EE9}.Debug|Any CPU.ActiveCfg = Debug|Any CPU
		{6ACD239A-E775-9B3F-C2A3-76C1404D8EE9}.Debug|Any CPU.Build.0 = Debug|Any CPU
		{6ACD239A-E775-9B3F-C2A3-76C1404D8EE9}.Release|Any CPU.ActiveCfg = Release|Any CPU
		{6ACD239A-E775-9B3F-C2A3-76C1404D8EE9}.Release|Any CPU.Build.0 = Release|Any CPU
		{3C2E4E9D-98B4-1F5D-0BF0-904385235B8E}.Debug|Any CPU.ActiveCfg = Debug|Any CPU
		{3C2E4E9D-98B4-1F5D-0BF0-904385235B8E}.Debug|Any CPU.Build.0 = Debug|Any CPU
		{3C2E4E9D-98B4-1F5D-0BF0-904385235B8E}.Release|Any CPU.ActiveCfg = Release|Any CPU
		{3C2E4E9D-98B4-1F5D-0BF0-904385235B8E}.Release|Any CPU.Build.0 = Release|Any CPU
		{D8C7F92A-799F-EDF1-05BE-7468360D6310}.Debug|Any CPU.ActiveCfg = Debug|Any CPU
		{D8C7F92A-799F-EDF1-05BE-7468360D6310}.Debug|Any CPU.Build.0 = Debug|Any CPU
		{D8C7F92A-799F-EDF1-05BE-7468360D6310}.Release|Any CPU.ActiveCfg = Release|Any CPU
		{D8C7F92A-799F-EDF1-05BE-7468360D6310}.Release|Any CPU.Build.0 = Release|Any CPU
		{E79B4FCD-B443-A940-5ED6-FA781AFEA69F}.Debug|Any CPU.ActiveCfg = Debug|Any CPU
		{E79B4FCD-B443-A940-5ED6-FA781AFEA69F}.Debug|Any CPU.Build.0 = Debug|Any CPU
		{E79B4FCD-B443-A940-5ED6-FA781AFEA69F}.Release|Any CPU.ActiveCfg = Release|Any CPU
		{E79B4FCD-B443-A940-5ED6-FA781AFEA69F}.Release|Any CPU.Build.0 = Release|Any CPU
		{68EB0854-1847-EE9E-7411-BB3747081EED}.Debug|Any CPU.ActiveCfg = Debug|Any CPU
		{68EB0854-1847-EE9E-7411-BB3747081EED}.Debug|Any CPU.Build.0 = Debug|Any CPU
		{68EB0854-1847-EE9E-7411-BB3747081EED}.Release|Any CPU.ActiveCfg = Release|Any CPU
		{68EB0854-1847-EE9E-7411-BB3747081EED}.Release|Any CPU.Build.0 = Release|Any CPU
		{90885EFA-340F-FB04-A15A-7AD0389C918D}.Debug|Any CPU.ActiveCfg = Debug|Any CPU
		{90885EFA-340F-FB04-A15A-7AD0389C918D}.Debug|Any CPU.Build.0 = Debug|Any CPU
		{90885EFA-340F-FB04-A15A-7AD0389C918D}.Release|Any CPU.ActiveCfg = Release|Any CPU
		{90885EFA-340F-FB04-A15A-7AD0389C918D}.Release|Any CPU.Build.0 = Release|Any CPU
		{5C40ACFD-B2D5-7A08-0A9A-3C9FA912C28E}.Debug|Any CPU.ActiveCfg = Debug|Any CPU
		{5C40ACFD-B2D5-7A08-0A9A-3C9FA912C28E}.Debug|Any CPU.Build.0 = Debug|Any CPU
		{5C40ACFD-B2D5-7A08-0A9A-3C9FA912C28E}.Release|Any CPU.ActiveCfg = Release|Any CPU
		{5C40ACFD-B2D5-7A08-0A9A-3C9FA912C28E}.Release|Any CPU.Build.0 = Release|Any CPU
		{4D4B2DC2-E1C1-25FD-CA4F-564B0E4B5F91}.Debug|Any CPU.ActiveCfg = Debug|Any CPU
		{4D4B2DC2-E1C1-25FD-CA4F-564B0E4B5F91}.Debug|Any CPU.Build.0 = Debug|Any CPU
		{4D4B2DC2-E1C1-25FD-CA4F-564B0E4B5F91}.Release|Any CPU.ActiveCfg = Release|Any CPU
		{4D4B2DC2-E1C1-25FD-CA4F-564B0E4B5F91}.Release|Any CPU.Build.0 = Release|Any CPU
	EndGlobalSection
	GlobalSection(SolutionProperties) = preSolution
		HideSolutionNode = FALSE
	EndGlobalSection
EndGlobal
